{
  "object": {
    "pins": [
      {
        "package": "aws-crt-swift",
        "repositoryURL": "https://github.com/awslabs/aws-crt-swift.git",
        "state": {
          "branch": null,
          "revision": "f6deb25e2ca38ca7258986f5b4d1c20f6884ac91",
          "version": "0.0.6"
        }
      },
      {
        "package": "aws-sdk-swift",
        "repositoryURL": "https://github.com/awslabs/aws-sdk-swift",
        "state": {
          "branch": null,
          "revision": "c1e0024f31e21c7f6f32a3339e2cd4ff54238bfc",
          "version": "0.0.7"
        }
      },
      {
        "package": "smithy-swift",
        "repositoryURL": "https://github.com/awslabs/smithy-swift.git",
        "state": {
          "branch": null,
          "revision": "617db462e00b7d33b77a80ab7fc950ba6b27d196",
          "version": "0.0.6"
        }
      },
      {
        "package": "swift-log",
        "repositoryURL": "https://github.com/apple/swift-log.git",
        "state": {
          "branch": null,
          "revision": "5d66f7ba25daf4f94100e7022febf3c75e37a6c7",
          "version": "1.4.2"
        }
      },
      {
        "package": "XMLCoder",
        "repositoryURL": "https://github.com/MaxDesiatov/XMLCoder.git",
        "state": {
          "branch": null,
          "revision": "887de88b37b2d691d67db950770e09776229cf6d",
          "version": "0.13.0"
        }
      }
    ]
  },
  "version": 1
}
